
Microsoft Visual Studio Solution File, Format Version 12.00
# Visual Studio Version 17
VisualStudioVersion = 17.6.33723.286
MinimumVisualStudioVersion = 10.0.40219.1
Project("{9A19103F-16F7-4668-BE54-9A1E7A4F7556}") = "PefectMoney.Data", "PefectMoney.Data\PefectMoney.Data.csproj", "{395A20D7-ECC7-4BD8-BA2F-AD672F266C0F}"
EndProject
Project("{9A19103F-16F7-4668-BE54-9A1E7A4F7556}") = "PefectMoney.Core", "PefectMoney.Core\PefectMoney.Core.csproj", "{D6AF78C1-D507-4F29-B9F1-84939EF7ABF5}"
EndProject
Project("{9A19103F-16F7-4668-BE54-9A1E7A4F7556}") = "PefectMoney.Presentation", "PefectMoney.Presentation\PefectMoney.Presentation.csproj", "{A70F93A4-AFA9-4D15-B9BD-20E6E04D5CB6}"
EndProject
Project("{9A19103F-16F7-4668-BE54-9A1E7A4F7556}") = "PefectMoney.Shared", "PefectMoney.Shared\PefectMoney.Shared.csproj", "{50E0ACC0-1853-4292-B9C6-5CE896796EA2}"
EndProject
Project("{9A19103F-16F7-4668-BE54-9A1E7A4F7556}") = "PefectMoney.Infrastructure", "PefectMoney.Infrastructure\PefectMoney.Infrastructure.csproj", "{59F9BDC7-C64D-43F1-AC90-DBF28332BB14}"
EndProject
Project("{2150E333-8FDC-42A3-9474-1A3956D46DE8}") = "Solution Items", "Solution Items", "{72304099-88B5-4B8D-BDDC-0225DD000070}"
	ProjectSection(SolutionItems) = preProject
		.editorconfig = .editorconfig
	EndProjectSection
EndProject
Project("{FAE04EC0-301F-11D3-BF4B-00C04F79EFBC}") = "PerfectMonney_ConnectorToExternalService", "PerfectMonney_ConnectorToExternalService\PerfectMonney_ConnectorToExternalService.csproj", "{88F49E57-6857-421C-AF46-10D8ECE3F3F8}"
EndProject
Global
	GlobalSection(SolutionConfigurationPlatforms) = preSolution
		Debug|Any CPU = Debug|Any CPU
		Release|Any CPU = Release|Any CPU
	EndGlobalSection
	GlobalSection(ProjectConfigurationPlatforms) = postSolution
		{395A20D7-ECC7-4BD8-BA2F-AD672F266C0F}.Debug|Any CPU.ActiveCfg = Debug|Any CPU
		{395A20D7-ECC7-4BD8-BA2F-AD672F266C0F}.Debug|Any CPU.Build.0 = Debug|Any CPU
		{395A20D7-ECC7-4BD8-BA2F-AD672F266C0F}.Release|Any CPU.ActiveCfg = Release|Any CPU
		{395A20D7-ECC7-4BD8-BA2F-AD672F266C0F}.Release|Any CPU.Build.0 = Release|Any CPU
		{D6AF78C1-D507-4F29-B9F1-84939EF7ABF5}.Debug|Any CPU.ActiveCfg = Debug|Any CPU
		{D6AF78C1-D507-4F29-B9F1-84939EF7ABF5}.Debug|Any CPU.Build.0 = Debug|Any CPU
		{D6AF78C1-D507-4F29-B9F1-84939EF7ABF5}.Release|Any CPU.ActiveCfg = Release|Any CPU
		{D6AF78C1-D507-4F29-B9F1-84939EF7ABF5}.Release|Any CPU.Build.0 = Release|Any CPU
		{A70F93A4-AFA9-4D15-B9BD-20E6E04D5CB6}.Debug|Any CPU.ActiveCfg = Debug|Any CPU
		{A70F93A4-AFA9-4D15-B9BD-20E6E04D5CB6}.Debug|Any CPU.Build.0 = Debug|Any CPU
		{A70F93A4-AFA9-4D15-B9BD-20E6E04D5CB6}.Release|Any CPU.ActiveCfg = Release|Any CPU
		{A70F93A4-AFA9-4D15-B9BD-20E6E04D5CB6}.Release|Any CPU.Build.0 = Release|Any CPU
		{50E0ACC0-1853-4292-B9C6-5CE896796EA2}.Debug|Any CPU.ActiveCfg = Debug|Any CPU
		{50E0ACC0-1853-4292-B9C6-5CE896796EA2}.Debug|Any CPU.Build.0 = Debug|Any CPU
		{50E0ACC0-1853-4292-B9C6-5CE896796EA2}.Release|Any CPU.ActiveCfg = Release|Any CPU
		{50E0ACC0-1853-4292-B9C6-5CE896796EA2}.Release|Any CPU.Build.0 = Release|Any CPU
		{59F9BDC7-C64D-43F1-AC90-DBF28332BB14}.Debug|Any CPU.ActiveCfg = Debug|Any CPU
		{59F9BDC7-C64D-43F1-AC90-DBF28332BB14}.Debug|Any CPU.Build.0 = Debug|Any CPU
		{59F9BDC7-C64D-43F1-AC90-DBF28332BB14}.Release|Any CPU.ActiveCfg = Release|Any CPU
		{59F9BDC7-C64D-43F1-AC90-DBF28332BB14}.Release|Any CPU.Build.0 = Release|Any CPU
		{88F49E57-6857-421C-AF46-10D8ECE3F3F8}.Debug|Any CPU.ActiveCfg = Debug|Any CPU
		{88F49E57-6857-421C-AF46-10D8ECE3F3F8}.Debug|Any CPU.Build.0 = Debug|Any CPU
		{88F49E57-6857-421C-AF46-10D8ECE3F3F8}.Release|Any CPU.ActiveCfg = Release|Any CPU
		{88F49E57-6857-421C-AF46-10D8ECE3F3F8}.Release|Any CPU.Build.0 = Release|Any CPU
	EndGlobalSection
	GlobalSection(SolutionProperties) = preSolution
		HideSolutionNode = FALSE
	EndGlobalSection
	GlobalSection(ExtensibilityGlobals) = postSolution
		SolutionGuid = {D9CF73C3-481B-4243-8BC9-9C46F23DE583}
	EndGlobalSection
EndGlobal
